<?xml version="1.0" encoding="UTF-8"?>
<CodeBlocks_project_file>
	<FileVersion major="1" minor="6"/>
	<Project>
		<Option title="Paint"/>
		<Option makefile_is_custom="1"/>
		<Option compiler="gcc"/>
		<Option virtualFolders="CMake Files\;"/>
		<Build>
			<Target title="all">
				<Option working_dir="/Users/akukh/Documents/Projects/Paint/Debug"/>
				<Option type="4"/>
				<MakeCommands>
					<Build command="/usr/bin/make -j4 -f &quot;/Users/akukh/Documents/Projects/Paint/Debug/Makefile&quot;  VERBOSE=1 all"/>
					<CompileFile command="/usr/bin/make -j4 -f &quot;/Users/akukh/Documents/Projects/Paint/Debug/Makefile&quot;  VERBOSE=1 &quot;$file&quot;"/>
					<Clean command="/usr/bin/make -j4 -f &quot;/Users/akukh/Documents/Projects/Paint/Debug/Makefile&quot;  VERBOSE=1 clean"/>
					<DistClean command="/usr/bin/make -j4 -f &quot;/Users/akukh/Documents/Projects/Paint/Debug/Makefile&quot;  VERBOSE=1 clean"/>
				</MakeCommands>
			</Target>
			<Target title="rebuild_cache">
				<Option working_dir="/Users/akukh/Documents/Projects/Paint/Debug"/>
				<Option type="4"/>
				<MakeCommands>
					<Build command="/usr/bin/make -j4 -f &quot;/Users/akukh/Documents/Projects/Paint/Debug/Makefile&quot;  VERBOSE=1 rebuild_cache"/>
					<CompileFile command="/usr/bin/make -j4 -f &quot;/Users/akukh/Documents/Projects/Paint/Debug/Makefile&quot;  VERBOSE=1 &quot;$file&quot;"/>
					<Clean command="/usr/bin/make -j4 -f &quot;/Users/akukh/Documents/Projects/Paint/Debug/Makefile&quot;  VERBOSE=1 clean"/>
					<DistClean command="/usr/bin/make -j4 -f &quot;/Users/akukh/Documents/Projects/Paint/Debug/Makefile&quot;  VERBOSE=1 clean"/>
				</MakeCommands>
			</Target>
			<Target title="edit_cache">
				<Option working_dir="/Users/akukh/Documents/Projects/Paint/Debug"/>
				<Option type="4"/>
				<MakeCommands>
					<Build command="/usr/bin/make -j4 -f &quot;/Users/akukh/Documents/Projects/Paint/Debug/Makefile&quot;  VERBOSE=1 edit_cache"/>
					<CompileFile command="/usr/bin/make -j4 -f &quot;/Users/akukh/Documents/Projects/Paint/Debug/Makefile&quot;  VERBOSE=1 &quot;$file&quot;"/>
					<Clean command="/usr/bin/make -j4 -f &quot;/Users/akukh/Documents/Projects/Paint/Debug/Makefile&quot;  VERBOSE=1 clean"/>
					<DistClean command="/usr/bin/make -j4 -f &quot;/Users/akukh/Documents/Projects/Paint/Debug/Makefile&quot;  VERBOSE=1 clean"/>
				</MakeCommands>
			</Target>
			<Target title="GLAD">
				<Option output="/Users/akukh/Documents/Projects/Paint/Debug/libGLAD.a" prefix_auto="0" extension_auto="0"/>
				<Option working_dir="/Users/akukh/Documents/Projects/Paint/Debug"/>
				<Option object_output="./"/>
				<Option type="2"/>
				<Option compiler="gcc"/>
				<Compiler>
					<Add directory="/Users/akukh/Documents/Projects/Paint/libs/stb_image"/>
					<Add directory="/Users/akukh/Documents/Projects/Paint/libs/glad/include"/>
					<Add directory="/Library/Developer/CommandLineTools/usr/include/c++/v1"/>
					<Add directory="/usr/local/include"/>
					<Add directory="/Library/Developer/CommandLineTools/usr/lib/clang/10.0.0/include"/>
					<Add directory="/Library/Developer/CommandLineTools/usr/include"/>
					<Add directory="/usr/include"/>
					<Add directory="/System/Library/Frameworks"/>
					<Add directory="/Library/Frameworks"/>
				</Compiler>
				<MakeCommands>
					<Build command="/usr/bin/make -j4 -f &quot;/Users/akukh/Documents/Projects/Paint/Debug/Makefile&quot;  VERBOSE=1 GLAD"/>
					<CompileFile command="/usr/bin/make -j4 -f &quot;/Users/akukh/Documents/Projects/Paint/Debug/Makefile&quot;  VERBOSE=1 &quot;$file&quot;"/>
					<Clean command="/usr/bin/make -j4 -f &quot;/Users/akukh/Documents/Projects/Paint/Debug/Makefile&quot;  VERBOSE=1 clean"/>
					<DistClean command="/usr/bin/make -j4 -f &quot;/Users/akukh/Documents/Projects/Paint/Debug/Makefile&quot;  VERBOSE=1 clean"/>
				</MakeCommands>
			</Target>
			<Target title="GLAD/fast">
				<Option output="/Users/akukh/Documents/Projects/Paint/Debug/libGLAD.a" prefix_auto="0" extension_auto="0"/>
				<Option working_dir="/Users/akukh/Documents/Projects/Paint/Debug"/>
				<Option object_output="./"/>
				<Option type="2"/>
				<Option compiler="gcc"/>
				<Compiler>
					<Add directory="/Users/akukh/Documents/Projects/Paint/libs/stb_image"/>
					<Add directory="/Users/akukh/Documents/Projects/Paint/libs/glad/include"/>
					<Add directory="/Library/Developer/CommandLineTools/usr/include/c++/v1"/>
					<Add directory="/usr/local/include"/>
					<Add directory="/Library/Developer/CommandLineTools/usr/lib/clang/10.0.0/include"/>
					<Add directory="/Library/Developer/CommandLineTools/usr/include"/>
					<Add directory="/usr/include"/>
					<Add directory="/System/Library/Frameworks"/>
					<Add directory="/Library/Frameworks"/>
				</Compiler>
				<MakeCommands>
					<Build command="/usr/bin/make -j4 -f &quot;/Users/akukh/Documents/Projects/Paint/Debug/Makefile&quot;  VERBOSE=1 GLAD/fast"/>
					<CompileFile command="/usr/bin/make -j4 -f &quot;/Users/akukh/Documents/Projects/Paint/Debug/Makefile&quot;  VERBOSE=1 &quot;$file&quot;"/>
					<Clean command="/usr/bin/make -j4 -f &quot;/Users/akukh/Documents/Projects/Paint/Debug/Makefile&quot;  VERBOSE=1 clean"/>
					<DistClean command="/usr/bin/make -j4 -f &quot;/Users/akukh/Documents/Projects/Paint/Debug/Makefile&quot;  VERBOSE=1 clean"/>
				</MakeCommands>
			</Target>
			<Target title="Paint">
				<Option output="/Users/akukh/Documents/Projects/Paint/Debug/bin/Paint" prefix_auto="0" extension_auto="0"/>
				<Option working_dir="/Users/akukh/Documents/Projects/Paint/Debug/bin"/>
				<Option object_output="./"/>
				<Option type="1"/>
				<Option compiler="gcc"/>
				<Compiler>
					<Add directory="/Users/akukh/Documents/Projects/Paint/src"/>
					<Add directory="/Users/akukh/Documents/Projects/Paint/libs/stb_image"/>
					<Add directory="/Users/akukh/Documents/Projects/Paint/libs/glad/include"/>
					<Add directory="/Library/Developer/CommandLineTools/usr/include/c++/v1"/>
					<Add directory="/usr/local/include"/>
					<Add directory="/Library/Developer/CommandLineTools/usr/lib/clang/10.0.0/include"/>
					<Add directory="/Library/Developer/CommandLineTools/usr/include"/>
					<Add directory="/usr/include"/>
					<Add directory="/System/Library/Frameworks"/>
					<Add directory="/Library/Frameworks"/>
				</Compiler>
				<MakeCommands>
					<Build command="/usr/bin/make -j4 -f &quot;/Users/akukh/Documents/Projects/Paint/Debug/Makefile&quot;  VERBOSE=1 Paint"/>
					<CompileFile command="/usr/bin/make -j4 -f &quot;/Users/akukh/Documents/Projects/Paint/Debug/Makefile&quot;  VERBOSE=1 &quot;$file&quot;"/>
					<Clean command="/usr/bin/make -j4 -f &quot;/Users/akukh/Documents/Projects/Paint/Debug/Makefile&quot;  VERBOSE=1 clean"/>
					<DistClean command="/usr/bin/make -j4 -f &quot;/Users/akukh/Documents/Projects/Paint/Debug/Makefile&quot;  VERBOSE=1 clean"/>
				</MakeCommands>
			</Target>
			<Target title="Paint/fast">
				<Option output="/Users/akukh/Documents/Projects/Paint/Debug/bin/Paint" prefix_auto="0" extension_auto="0"/>
				<Option working_dir="/Users/akukh/Documents/Projects/Paint/Debug/bin"/>
				<Option object_output="./"/>
				<Option type="1"/>
				<Option compiler="gcc"/>
				<Compiler>
					<Add directory="/Users/akukh/Documents/Projects/Paint/src"/>
					<Add directory="/Users/akukh/Documents/Projects/Paint/libs/stb_image"/>
					<Add directory="/Users/akukh/Documents/Projects/Paint/libs/glad/include"/>
					<Add directory="/Library/Developer/CommandLineTools/usr/include/c++/v1"/>
					<Add directory="/usr/local/include"/>
					<Add directory="/Library/Developer/CommandLineTools/usr/lib/clang/10.0.0/include"/>
					<Add directory="/Library/Developer/CommandLineTools/usr/include"/>
					<Add directory="/usr/include"/>
					<Add directory="/System/Library/Frameworks"/>
					<Add directory="/Library/Frameworks"/>
				</Compiler>
				<MakeCommands>
					<Build command="/usr/bin/make -j4 -f &quot;/Users/akukh/Documents/Projects/Paint/Debug/Makefile&quot;  VERBOSE=1 Paint/fast"/>
					<CompileFile command="/usr/bin/make -j4 -f &quot;/Users/akukh/Documents/Projects/Paint/Debug/Makefile&quot;  VERBOSE=1 &quot;$file&quot;"/>
					<Clean command="/usr/bin/make -j4 -f &quot;/Users/akukh/Documents/Projects/Paint/Debug/Makefile&quot;  VERBOSE=1 clean"/>
					<DistClean command="/usr/bin/make -j4 -f &quot;/Users/akukh/Documents/Projects/Paint/Debug/Makefile&quot;  VERBOSE=1 clean"/>
				</MakeCommands>
			</Target>
		</Build>
		<Unit filename="/Users/akukh/Documents/Projects/Paint/include/camera2d.h">
			<Option target="Paint"/>
		</Unit>
		<Unit filename="/Users/akukh/Documents/Projects/Paint/include/circleshape.h">
			<Option target="Paint"/>
		</Unit>
		<Unit filename="/Users/akukh/Documents/Projects/Paint/include/defines.hpp">
			<Option target="Paint"/>
		</Unit>
		<Unit filename="/Users/akukh/Documents/Projects/Paint/include/drawmode.h">
			<Option target="Paint"/>
		</Unit>
		<Unit filename="/Users/akukh/Documents/Projects/Paint/include/graphics.h">
			<Option target="Paint"/>
		</Unit>
		<Unit filename="/Users/akukh/Documents/Projects/Paint/include/keyhandler.h">
			<Option target="Paint"/>
		</Unit>
		<Unit filename="/Users/akukh/Documents/Projects/Paint/include/renderwindow.h">
			<Option target="Paint"/>
		</Unit>
		<Unit filename="/Users/akukh/Documents/Projects/Paint/include/shader.h">
			<Option target="Paint"/>
		</Unit>
		<Unit filename="/Users/akukh/Documents/Projects/Paint/include/texture.h">
			<Option target="Paint"/>
		</Unit>
		<Unit filename="/Users/akukh/Documents/Projects/Paint/include/vector2.hpp">
			<Option target="Paint"/>
		</Unit>
		<Unit filename="/Users/akukh/Documents/Projects/Paint/include/vector3.hpp">
			<Option target="Paint"/>
		</Unit>
		<Unit filename="/Users/akukh/Documents/Projects/Paint/include/vertex.h">
			<Option target="Paint"/>
		</Unit>
		<Unit filename="/Users/akukh/Documents/Projects/Paint/include/vertexbuffer.h">
			<Option target="Paint"/>
		</Unit>
		<Unit filename="/Users/akukh/Documents/Projects/Paint/libs/glad/src/glad.c">
			<Option target="GLAD"/>
		</Unit>
		<Unit filename="/Users/akukh/Documents/Projects/Paint/src/camera2d.cpp">
			<Option target="Paint"/>
		</Unit>
		<Unit filename="/Users/akukh/Documents/Projects/Paint/src/circleshape.cpp">
			<Option target="Paint"/>
		</Unit>
		<Unit filename="/Users/akukh/Documents/Projects/Paint/src/drawmode.cpp">
			<Option target="Paint"/>
		</Unit>
		<Unit filename="/Users/akukh/Documents/Projects/Paint/src/keyhandler.cpp">
			<Option target="Paint"/>
		</Unit>
		<Unit filename="/Users/akukh/Documents/Projects/Paint/src/main.cpp">
			<Option target="Paint"/>
		</Unit>
		<Unit filename="/Users/akukh/Documents/Projects/Paint/src/renderwindow.cpp">
			<Option target="Paint"/>
		</Unit>
		<Unit filename="/Users/akukh/Documents/Projects/Paint/src/shader.cpp">
			<Option target="Paint"/>
		</Unit>
		<Unit filename="/Users/akukh/Documents/Projects/Paint/src/texture.cpp">
			<Option target="Paint"/>
		</Unit>
		<Unit filename="/Users/akukh/Documents/Projects/Paint/src/texture_frag_shader.frag">
			<Option target="Paint"/>
		</Unit>
		<Unit filename="/Users/akukh/Documents/Projects/Paint/src/texture_vert_shader.vert">
			<Option target="Paint"/>
		</Unit>
		<Unit filename="/Users/akukh/Documents/Projects/Paint/src/vertex.cpp">
			<Option target="Paint"/>
		</Unit>
		<Unit filename="/Users/akukh/Documents/Projects/Paint/src/vertexbuffer.cpp">
			<Option target="Paint"/>
		</Unit>
		<Unit filename="/Users/akukh/Documents/Projects/Paint/CMakeLists.txt">
			<Option virtualFolder="CMake Files\"/>
		</Unit>
	</Project>
</CodeBlocks_project_file>
