<?xml version="1.0" encoding="UTF-8"?>
<CodeBlocks_project_file>
	<FileVersion major="1" minor="6"/>
	<Project>
		<Option title="TestOpenGL"/>
		<Option makefile_is_custom="1"/>
		<Option compiler="gcc"/>
		<Option virtualFolders="CMake Files\;"/>
		<Build>
			<Target title="all">
				<Option working_dir="/Users/akukh/Documents/Projects/HelloWorld/Debug"/>
				<Option type="4"/>
				<MakeCommands>
					<Build command="/usr/bin/make -j4 -f &quot;/Users/akukh/Documents/Projects/HelloWorld/Debug/Makefile&quot;  VERBOSE=1 all"/>
					<CompileFile command="/usr/bin/make -j4 -f &quot;/Users/akukh/Documents/Projects/HelloWorld/Debug/Makefile&quot;  VERBOSE=1 &quot;$file&quot;"/>
					<Clean command="/usr/bin/make -j4 -f &quot;/Users/akukh/Documents/Projects/HelloWorld/Debug/Makefile&quot;  VERBOSE=1 clean"/>
					<DistClean command="/usr/bin/make -j4 -f &quot;/Users/akukh/Documents/Projects/HelloWorld/Debug/Makefile&quot;  VERBOSE=1 clean"/>
				</MakeCommands>
			</Target>
			<Target title="rebuild_cache">
				<Option working_dir="/Users/akukh/Documents/Projects/HelloWorld/Debug"/>
				<Option type="4"/>
				<MakeCommands>
					<Build command="/usr/bin/make -j4 -f &quot;/Users/akukh/Documents/Projects/HelloWorld/Debug/Makefile&quot;  VERBOSE=1 rebuild_cache"/>
					<CompileFile command="/usr/bin/make -j4 -f &quot;/Users/akukh/Documents/Projects/HelloWorld/Debug/Makefile&quot;  VERBOSE=1 &quot;$file&quot;"/>
					<Clean command="/usr/bin/make -j4 -f &quot;/Users/akukh/Documents/Projects/HelloWorld/Debug/Makefile&quot;  VERBOSE=1 clean"/>
					<DistClean command="/usr/bin/make -j4 -f &quot;/Users/akukh/Documents/Projects/HelloWorld/Debug/Makefile&quot;  VERBOSE=1 clean"/>
				</MakeCommands>
			</Target>
			<Target title="edit_cache">
				<Option working_dir="/Users/akukh/Documents/Projects/HelloWorld/Debug"/>
				<Option type="4"/>
				<MakeCommands>
					<Build command="/usr/bin/make -j4 -f &quot;/Users/akukh/Documents/Projects/HelloWorld/Debug/Makefile&quot;  VERBOSE=1 edit_cache"/>
					<CompileFile command="/usr/bin/make -j4 -f &quot;/Users/akukh/Documents/Projects/HelloWorld/Debug/Makefile&quot;  VERBOSE=1 &quot;$file&quot;"/>
					<Clean command="/usr/bin/make -j4 -f &quot;/Users/akukh/Documents/Projects/HelloWorld/Debug/Makefile&quot;  VERBOSE=1 clean"/>
					<DistClean command="/usr/bin/make -j4 -f &quot;/Users/akukh/Documents/Projects/HelloWorld/Debug/Makefile&quot;  VERBOSE=1 clean"/>
				</MakeCommands>
			</Target>
			<Target title="GLAD">
				<Option output="/Users/akukh/Documents/Projects/HelloWorld/Debug/libGLAD.a" prefix_auto="0" extension_auto="0"/>
				<Option working_dir="/Users/akukh/Documents/Projects/HelloWorld/Debug"/>
				<Option object_output="./"/>
				<Option type="2"/>
				<Option compiler="gcc"/>
				<Compiler>
					<Add directory="/Users/akukh/Documents/Projects/HelloWorld/libs/glad/include"/>
					<Add directory="/Library/Developer/CommandLineTools/usr/include/c++/v1"/>
					<Add directory="/usr/local/include"/>
					<Add directory="/Library/Developer/CommandLineTools/usr/lib/clang/10.0.0/include"/>
					<Add directory="/Library/Developer/CommandLineTools/usr/include"/>
					<Add directory="/usr/include"/>
					<Add directory="/System/Library/Frameworks"/>
					<Add directory="/Library/Frameworks"/>
				</Compiler>
				<MakeCommands>
					<Build command="/usr/bin/make -j4 -f &quot;/Users/akukh/Documents/Projects/HelloWorld/Debug/Makefile&quot;  VERBOSE=1 GLAD"/>
					<CompileFile command="/usr/bin/make -j4 -f &quot;/Users/akukh/Documents/Projects/HelloWorld/Debug/Makefile&quot;  VERBOSE=1 &quot;$file&quot;"/>
					<Clean command="/usr/bin/make -j4 -f &quot;/Users/akukh/Documents/Projects/HelloWorld/Debug/Makefile&quot;  VERBOSE=1 clean"/>
					<DistClean command="/usr/bin/make -j4 -f &quot;/Users/akukh/Documents/Projects/HelloWorld/Debug/Makefile&quot;  VERBOSE=1 clean"/>
				</MakeCommands>
			</Target>
			<Target title="GLAD/fast">
				<Option output="/Users/akukh/Documents/Projects/HelloWorld/Debug/libGLAD.a" prefix_auto="0" extension_auto="0"/>
				<Option working_dir="/Users/akukh/Documents/Projects/HelloWorld/Debug"/>
				<Option object_output="./"/>
				<Option type="2"/>
				<Option compiler="gcc"/>
				<Compiler>
					<Add directory="/Users/akukh/Documents/Projects/HelloWorld/libs/glad/include"/>
					<Add directory="/Library/Developer/CommandLineTools/usr/include/c++/v1"/>
					<Add directory="/usr/local/include"/>
					<Add directory="/Library/Developer/CommandLineTools/usr/lib/clang/10.0.0/include"/>
					<Add directory="/Library/Developer/CommandLineTools/usr/include"/>
					<Add directory="/usr/include"/>
					<Add directory="/System/Library/Frameworks"/>
					<Add directory="/Library/Frameworks"/>
				</Compiler>
				<MakeCommands>
					<Build command="/usr/bin/make -j4 -f &quot;/Users/akukh/Documents/Projects/HelloWorld/Debug/Makefile&quot;  VERBOSE=1 GLAD/fast"/>
					<CompileFile command="/usr/bin/make -j4 -f &quot;/Users/akukh/Documents/Projects/HelloWorld/Debug/Makefile&quot;  VERBOSE=1 &quot;$file&quot;"/>
					<Clean command="/usr/bin/make -j4 -f &quot;/Users/akukh/Documents/Projects/HelloWorld/Debug/Makefile&quot;  VERBOSE=1 clean"/>
					<DistClean command="/usr/bin/make -j4 -f &quot;/Users/akukh/Documents/Projects/HelloWorld/Debug/Makefile&quot;  VERBOSE=1 clean"/>
				</MakeCommands>
			</Target>
			<Target title="TestOpenGL">
				<Option output="/Users/akukh/Documents/Projects/HelloWorld/Debug/bin/TestOpenGL" prefix_auto="0" extension_auto="0"/>
				<Option working_dir="/Users/akukh/Documents/Projects/HelloWorld/Debug/bin"/>
				<Option object_output="./"/>
				<Option type="1"/>
				<Option compiler="gcc"/>
				<Compiler>
					<Add directory="/Users/akukh/Documents/Projects/HelloWorld/src"/>
					<Add directory="/Users/akukh/Documents/Projects/HelloWorld/libs/glad/include"/>
					<Add directory="/Library/Developer/CommandLineTools/usr/include/c++/v1"/>
					<Add directory="/usr/local/include"/>
					<Add directory="/Library/Developer/CommandLineTools/usr/lib/clang/10.0.0/include"/>
					<Add directory="/Library/Developer/CommandLineTools/usr/include"/>
					<Add directory="/usr/include"/>
					<Add directory="/System/Library/Frameworks"/>
					<Add directory="/Library/Frameworks"/>
				</Compiler>
				<MakeCommands>
					<Build command="/usr/bin/make -j4 -f &quot;/Users/akukh/Documents/Projects/HelloWorld/Debug/Makefile&quot;  VERBOSE=1 TestOpenGL"/>
					<CompileFile command="/usr/bin/make -j4 -f &quot;/Users/akukh/Documents/Projects/HelloWorld/Debug/Makefile&quot;  VERBOSE=1 &quot;$file&quot;"/>
					<Clean command="/usr/bin/make -j4 -f &quot;/Users/akukh/Documents/Projects/HelloWorld/Debug/Makefile&quot;  VERBOSE=1 clean"/>
					<DistClean command="/usr/bin/make -j4 -f &quot;/Users/akukh/Documents/Projects/HelloWorld/Debug/Makefile&quot;  VERBOSE=1 clean"/>
				</MakeCommands>
			</Target>
			<Target title="TestOpenGL/fast">
				<Option output="/Users/akukh/Documents/Projects/HelloWorld/Debug/bin/TestOpenGL" prefix_auto="0" extension_auto="0"/>
				<Option working_dir="/Users/akukh/Documents/Projects/HelloWorld/Debug/bin"/>
				<Option object_output="./"/>
				<Option type="1"/>
				<Option compiler="gcc"/>
				<Compiler>
					<Add directory="/Users/akukh/Documents/Projects/HelloWorld/src"/>
					<Add directory="/Users/akukh/Documents/Projects/HelloWorld/libs/glad/include"/>
					<Add directory="/Library/Developer/CommandLineTools/usr/include/c++/v1"/>
					<Add directory="/usr/local/include"/>
					<Add directory="/Library/Developer/CommandLineTools/usr/lib/clang/10.0.0/include"/>
					<Add directory="/Library/Developer/CommandLineTools/usr/include"/>
					<Add directory="/usr/include"/>
					<Add directory="/System/Library/Frameworks"/>
					<Add directory="/Library/Frameworks"/>
				</Compiler>
				<MakeCommands>
					<Build command="/usr/bin/make -j4 -f &quot;/Users/akukh/Documents/Projects/HelloWorld/Debug/Makefile&quot;  VERBOSE=1 TestOpenGL/fast"/>
					<CompileFile command="/usr/bin/make -j4 -f &quot;/Users/akukh/Documents/Projects/HelloWorld/Debug/Makefile&quot;  VERBOSE=1 &quot;$file&quot;"/>
					<Clean command="/usr/bin/make -j4 -f &quot;/Users/akukh/Documents/Projects/HelloWorld/Debug/Makefile&quot;  VERBOSE=1 clean"/>
					<DistClean command="/usr/bin/make -j4 -f &quot;/Users/akukh/Documents/Projects/HelloWorld/Debug/Makefile&quot;  VERBOSE=1 clean"/>
				</MakeCommands>
			</Target>
		</Build>
		<Unit filename="/Users/akukh/Documents/Projects/HelloWorld/include/defines.h">
			<Option target="TestOpenGL"/>
		</Unit>
		<Unit filename="/Users/akukh/Documents/Projects/HelloWorld/include/shader.h">
			<Option target="TestOpenGL"/>
		</Unit>
		<Unit filename="/Users/akukh/Documents/Projects/HelloWorld/libs/glad/src/glad.c">
			<Option target="GLAD"/>
		</Unit>
		<Unit filename="/Users/akukh/Documents/Projects/HelloWorld/src/frag_shader.frag">
			<Option target="TestOpenGL"/>
		</Unit>
		<Unit filename="/Users/akukh/Documents/Projects/HelloWorld/src/main.cpp">
			<Option target="TestOpenGL"/>
		</Unit>
		<Unit filename="/Users/akukh/Documents/Projects/HelloWorld/src/shader.cpp">
			<Option target="TestOpenGL"/>
		</Unit>
		<Unit filename="/Users/akukh/Documents/Projects/HelloWorld/src/vert_shader.vert">
			<Option target="TestOpenGL"/>
		</Unit>
		<Unit filename="/Users/akukh/Documents/Projects/HelloWorld/CMakeLists.txt">
			<Option virtualFolder="CMake Files\"/>
		</Unit>
	</Project>
</CodeBlocks_project_file>
